
Microsoft Visual Studio Solution File, Format Version 12.00
# Visual Studio 15
Project("{FAE04EC0-301F-11D3-BF4B-00C04F79EFBC}") = "Brainscale.Stock.API", "Brainscale.Stock.API.csproj", "{79CC9CCD-001A-42F6-9DA8-354EBEB058CB}"
EndProject
Project("{E53339B2-1760-4266-BCC7-CA923CBCF16C}") = "docker-compose", "docker-compose.dcproj", "{0E5A345D-9BBB-4E25-900C-BBBB81C112BB}"
EndProject
Global
	GlobalSection(SolutionConfigurationPlatforms) = preSolution
		Debug|Any CPU = Debug|Any CPU
		Release|Any CPU = Release|Any CPU
	EndGlobalSection
	GlobalSection(ProjectConfigurationPlatforms) = postSolution
		{79CC9CCD-001A-42F6-9DA8-354EBEB058CB}.Debug|Any CPU.ActiveCfg = Debug|Any CPU
		{79CC9CCD-001A-42F6-9DA8-354EBEB058CB}.Debug|Any CPU.Build.0 = Debug|Any CPU
		{79CC9CCD-001A-42F6-9DA8-354EBEB058CB}.Release|Any CPU.ActiveCfg = Release|Any CPU
		{79CC9CCD-001A-42F6-9DA8-354EBEB058CB}.Release|Any CPU.Build.0 = Release|Any CPU
		{0E5A345D-9BBB-4E25-900C-BBBB81C112BB}.Debug|Any CPU.ActiveCfg = Debug|Any CPU
		{0E5A345D-9BBB-4E25-900C-BBBB81C112BB}.Debug|Any CPU.Build.0 = Debug|Any CPU
		{0E5A345D-9BBB-4E25-900C-BBBB81C112BB}.Release|Any CPU.ActiveCfg = Release|Any CPU
		{0E5A345D-9BBB-4E25-900C-BBBB81C112BB}.Release|Any CPU.Build.0 = Release|Any CPU
	EndGlobalSection
EndGlobal
